
Microsoft Visual Studio Solution File, Format Version 12.00
# Visual Studio Version 17
VisualStudioVersion = 17.0.32112.339
MinimumVisualStudioVersion = 10.0.40219.1
Project("{FAE04EC0-301F-11D3-BF4B-00C04F79EFBC}") = "bai-13-", "bai-13-.csproj", "{FE9D477A-255F-4C18-BD9D-474BB0D4B485}"
EndProject
Global
	GlobalSection(SolutionConfigurationPlatforms) = preSolution
		Debug|Any CPU = Debug|Any CPU
		Release|Any CPU = Release|Any CPU
	EndGlobalSection
	GlobalSection(ProjectConfigurationPlatforms) = postSolution
		{FE9D477A-255F-4C18-BD9D-474BB0D4B485}.Debug|Any CPU.ActiveCfg = Debug|Any CPU
		{FE9D477A-255F-4C18-BD9D-474BB0D4B485}.Debug|Any CPU.Build.0 = Debug|Any CPU
		{FE9D477A-255F-4C18-BD9D-474BB0D4B485}.Release|Any CPU.ActiveCfg = Release|Any CPU
		{FE9D477A-255F-4C18-BD9D-474BB0D4B485}.Release|Any CPU.Build.0 = Release|Any CPU
	EndGlobalSection
	GlobalSection(SolutionProperties) = preSolution
		HideSolutionNode = FALSE
	EndGlobalSection
	GlobalSection(ExtensibilityGlobals) = postSolution
		SolutionGuid = {A4EA3EE9-402D-446C-8D32-7CB504F545B3}
	EndGlobalSection
EndGlobal
