
Microsoft Visual Studio Solution File, Format Version 12.00
# Visual Studio Version 17
VisualStudioVersion = 17.0.32112.339
MinimumVisualStudioVersion = 10.0.40219.1
Project("{FAE04EC0-301F-11D3-BF4B-00C04F79EFBC}") = "wf-nangcao-14", "wf-nangcao-14.csproj", "{55A4D1FB-A6C5-42B1-B999-BABBD6E9D86B}"
EndProject
Project("{FAE04EC0-301F-11D3-BF4B-00C04F79EFBC}") = "baiquayso", "..\baiquayso\baiquayso.csproj", "{8F586E86-D15E-4BE5-BE79-2CA105A9AB1B}"
EndProject
Global
	GlobalSection(SolutionConfigurationPlatforms) = preSolution
		Debug|Any CPU = Debug|Any CPU
		Release|Any CPU = Release|Any CPU
	EndGlobalSection
	GlobalSection(ProjectConfigurationPlatforms) = postSolution
		{55A4D1FB-A6C5-42B1-B999-BABBD6E9D86B}.Debug|Any CPU.ActiveCfg = Debug|Any CPU
		{55A4D1FB-A6C5-42B1-B999-BABBD6E9D86B}.Debug|Any CPU.Build.0 = Debug|Any CPU
		{55A4D1FB-A6C5-42B1-B999-BABBD6E9D86B}.Release|Any CPU.ActiveCfg = Release|Any CPU
		{55A4D1FB-A6C5-42B1-B999-BABBD6E9D86B}.Release|Any CPU.Build.0 = Release|Any CPU
		{8F586E86-D15E-4BE5-BE79-2CA105A9AB1B}.Debug|Any CPU.ActiveCfg = Debug|Any CPU
		{8F586E86-D15E-4BE5-BE79-2CA105A9AB1B}.Debug|Any CPU.Build.0 = Debug|Any CPU
		{8F586E86-D15E-4BE5-BE79-2CA105A9AB1B}.Release|Any CPU.ActiveCfg = Release|Any CPU
		{8F586E86-D15E-4BE5-BE79-2CA105A9AB1B}.Release|Any CPU.Build.0 = Release|Any CPU
	EndGlobalSection
	GlobalSection(SolutionProperties) = preSolution
		HideSolutionNode = FALSE
	EndGlobalSection
	GlobalSection(ExtensibilityGlobals) = postSolution
		SolutionGuid = {B1092473-3C81-41C2-827B-166289B92A0B}
	EndGlobalSection
EndGlobal
