
Microsoft Visual Studio Solution File, Format Version 12.00
# Visual Studio Version 17
VisualStudioVersion = 17.0.32112.339
MinimumVisualStudioVersion = 10.0.40219.1
Project("{FAE04EC0-301F-11D3-BF4B-00C04F79EFBC}") = "bai20-ham", "bai20-ham.csproj", "{2E834A3A-27BA-4D32-8AEA-5533B37779E2}"
EndProject
Global
	GlobalSection(SolutionConfigurationPlatforms) = preSolution
		Debug|Any CPU = Debug|Any CPU
		Release|Any CPU = Release|Any CPU
	EndGlobalSection
	GlobalSection(ProjectConfigurationPlatforms) = postSolution
		{2E834A3A-27BA-4D32-8AEA-5533B37779E2}.Debug|Any CPU.ActiveCfg = Debug|Any CPU
		{2E834A3A-27BA-4D32-8AEA-5533B37779E2}.Debug|Any CPU.Build.0 = Debug|Any CPU
		{2E834A3A-27BA-4D32-8AEA-5533B37779E2}.Release|Any CPU.ActiveCfg = Release|Any CPU
		{2E834A3A-27BA-4D32-8AEA-5533B37779E2}.Release|Any CPU.Build.0 = Release|Any CPU
	EndGlobalSection
	GlobalSection(SolutionProperties) = preSolution
		HideSolutionNode = FALSE
	EndGlobalSection
	GlobalSection(ExtensibilityGlobals) = postSolution
		SolutionGuid = {B35CADEB-85E3-49BE-85FB-1D76FD338D3A}
	EndGlobalSection
EndGlobal
