
Microsoft Visual Studio Solution File, Format Version 12.00
# Visual Studio Version 17
VisualStudioVersion = 17.0.32112.339
MinimumVisualStudioVersion = 10.0.40219.1
Project("{FAE04EC0-301F-11D3-BF4B-00C04F79EFBC}") = "bai8-1-csharp10", "bai8-1-csharp10.csproj", "{33ECBEBC-1DA7-4852-BC83-AD2185AB6659}"
EndProject
Global
	GlobalSection(SolutionConfigurationPlatforms) = preSolution
		Debug|Any CPU = Debug|Any CPU
		Release|Any CPU = Release|Any CPU
	EndGlobalSection
	GlobalSection(ProjectConfigurationPlatforms) = postSolution
		{33ECBEBC-1DA7-4852-BC83-AD2185AB6659}.Debug|Any CPU.ActiveCfg = Debug|Any CPU
		{33ECBEBC-1DA7-4852-BC83-AD2185AB6659}.Debug|Any CPU.Build.0 = Debug|Any CPU
		{33ECBEBC-1DA7-4852-BC83-AD2185AB6659}.Release|Any CPU.ActiveCfg = Release|Any CPU
		{33ECBEBC-1DA7-4852-BC83-AD2185AB6659}.Release|Any CPU.Build.0 = Release|Any CPU
	EndGlobalSection
	GlobalSection(SolutionProperties) = preSolution
		HideSolutionNode = FALSE
	EndGlobalSection
	GlobalSection(ExtensibilityGlobals) = postSolution
		SolutionGuid = {B56FB5D3-D912-498B-A653-1FFB1B5A75C5}
	EndGlobalSection
EndGlobal
