
Microsoft Visual Studio Solution File, Format Version 12.00
# Visual Studio Version 17
VisualStudioVersion = 17.0.32112.339
MinimumVisualStudioVersion = 10.0.40219.1
Project("{FAE04EC0-301F-11D3-BF4B-00C04F79EFBC}") = "Galailaptrinh", "Galailaptrinh.csproj", "{3F8776EB-08A9-40BC-A916-4F40F8DD747B}"
EndProject
Global
	GlobalSection(SolutionConfigurationPlatforms) = preSolution
		Debug|Any CPU = Debug|Any CPU
		Release|Any CPU = Release|Any CPU
	EndGlobalSection
	GlobalSection(ProjectConfigurationPlatforms) = postSolution
		{3F8776EB-08A9-40BC-A916-4F40F8DD747B}.Debug|Any CPU.ActiveCfg = Debug|Any CPU
		{3F8776EB-08A9-40BC-A916-4F40F8DD747B}.Debug|Any CPU.Build.0 = Debug|Any CPU
		{3F8776EB-08A9-40BC-A916-4F40F8DD747B}.Release|Any CPU.ActiveCfg = Release|Any CPU
		{3F8776EB-08A9-40BC-A916-4F40F8DD747B}.Release|Any CPU.Build.0 = Release|Any CPU
	EndGlobalSection
	GlobalSection(SolutionProperties) = preSolution
		HideSolutionNode = FALSE
	EndGlobalSection
	GlobalSection(ExtensibilityGlobals) = postSolution
		SolutionGuid = {2A5A639F-5CE9-4009-8CC9-4D8FF3739C2B}
	EndGlobalSection
EndGlobal
