
Microsoft Visual Studio Solution File, Format Version 12.00
# Visual Studio Version 17
VisualStudioVersion = 17.0.32112.339
MinimumVisualStudioVersion = 10.0.40219.1
Project("{FAE04EC0-301F-11D3-BF4B-00C04F79EFBC}") = "bai5-1", "bai5-1.csproj", "{67553AC3-535B-404C-B12E-16A07354AF6D}"
EndProject
Project("{FAE04EC0-301F-11D3-BF4B-00C04F79EFBC}") = "bai5-2", "..\bai5-2\bai5-2.csproj", "{3FA5DB8B-536C-417F-8B0A-DB4476F6EF1D}"
EndProject
Global
	GlobalSection(SolutionConfigurationPlatforms) = preSolution
		Debug|Any CPU = Debug|Any CPU
		Release|Any CPU = Release|Any CPU
	EndGlobalSection
	GlobalSection(ProjectConfigurationPlatforms) = postSolution
		{67553AC3-535B-404C-B12E-16A07354AF6D}.Debug|Any CPU.ActiveCfg = Debug|Any CPU
		{67553AC3-535B-404C-B12E-16A07354AF6D}.Debug|Any CPU.Build.0 = Debug|Any CPU
		{67553AC3-535B-404C-B12E-16A07354AF6D}.Release|Any CPU.ActiveCfg = Release|Any CPU
		{67553AC3-535B-404C-B12E-16A07354AF6D}.Release|Any CPU.Build.0 = Release|Any CPU
		{3FA5DB8B-536C-417F-8B0A-DB4476F6EF1D}.Debug|Any CPU.ActiveCfg = Debug|Any CPU
		{3FA5DB8B-536C-417F-8B0A-DB4476F6EF1D}.Debug|Any CPU.Build.0 = Debug|Any CPU
		{3FA5DB8B-536C-417F-8B0A-DB4476F6EF1D}.Release|Any CPU.ActiveCfg = Release|Any CPU
		{3FA5DB8B-536C-417F-8B0A-DB4476F6EF1D}.Release|Any CPU.Build.0 = Release|Any CPU
	EndGlobalSection
	GlobalSection(SolutionProperties) = preSolution
		HideSolutionNode = FALSE
	EndGlobalSection
	GlobalSection(ExtensibilityGlobals) = postSolution
		SolutionGuid = {46F66F35-CD33-4B47-8DF2-418F834E6EF1}
	EndGlobalSection
EndGlobal
