
Microsoft Visual Studio Solution File, Format Version 12.00
# Visual Studio Version 17
VisualStudioVersion = 17.0.32112.339
MinimumVisualStudioVersion = 10.0.40219.1
Project("{FAE04EC0-301F-11D3-BF4B-00C04F79EFBC}") = "bai21-xulyngoaile", "bai21-xulyngoaile.csproj", "{C621718D-FB0C-43A5-A0B9-4DCEF258BC7D}"
EndProject
Global
	GlobalSection(SolutionConfigurationPlatforms) = preSolution
		Debug|Any CPU = Debug|Any CPU
		Release|Any CPU = Release|Any CPU
	EndGlobalSection
	GlobalSection(ProjectConfigurationPlatforms) = postSolution
		{C621718D-FB0C-43A5-A0B9-4DCEF258BC7D}.Debug|Any CPU.ActiveCfg = Debug|Any CPU
		{C621718D-FB0C-43A5-A0B9-4DCEF258BC7D}.Debug|Any CPU.Build.0 = Debug|Any CPU
		{C621718D-FB0C-43A5-A0B9-4DCEF258BC7D}.Release|Any CPU.ActiveCfg = Release|Any CPU
		{C621718D-FB0C-43A5-A0B9-4DCEF258BC7D}.Release|Any CPU.Build.0 = Release|Any CPU
	EndGlobalSection
	GlobalSection(SolutionProperties) = preSolution
		HideSolutionNode = FALSE
	EndGlobalSection
	GlobalSection(ExtensibilityGlobals) = postSolution
		SolutionGuid = {F369E119-2CC1-4DE0-8AC2-98C43BE7EC6C}
	EndGlobalSection
EndGlobal
