
Microsoft Visual Studio Solution File, Format Version 12.00
# Visual Studio Version 17
VisualStudioVersion = 17.0.32112.339
MinimumVisualStudioVersion = 10.0.40219.1
Project("{FAE04EC0-301F-11D3-BF4B-00C04F79EFBC}") = "bai7-5giaiptb2", "bai7-5giaiptb2.csproj", "{AAFD2D20-410A-43EB-AC5E-19724FDDC729}"
EndProject
Global
	GlobalSection(SolutionConfigurationPlatforms) = preSolution
		Debug|Any CPU = Debug|Any CPU
		Release|Any CPU = Release|Any CPU
	EndGlobalSection
	GlobalSection(ProjectConfigurationPlatforms) = postSolution
		{AAFD2D20-410A-43EB-AC5E-19724FDDC729}.Debug|Any CPU.ActiveCfg = Debug|Any CPU
		{AAFD2D20-410A-43EB-AC5E-19724FDDC729}.Debug|Any CPU.Build.0 = Debug|Any CPU
		{AAFD2D20-410A-43EB-AC5E-19724FDDC729}.Release|Any CPU.ActiveCfg = Release|Any CPU
		{AAFD2D20-410A-43EB-AC5E-19724FDDC729}.Release|Any CPU.Build.0 = Release|Any CPU
	EndGlobalSection
	GlobalSection(SolutionProperties) = preSolution
		HideSolutionNode = FALSE
	EndGlobalSection
	GlobalSection(ExtensibilityGlobals) = postSolution
		SolutionGuid = {BE1E14A5-5401-422B-8D2F-9B5BB65EFB12}
	EndGlobalSection
EndGlobal
