
Microsoft Visual Studio Solution File, Format Version 12.00
# Visual Studio Version 17
VisualStudioVersion = 17.0.32112.339
MinimumVisualStudioVersion = 10.0.40219.1
Project("{FAE04EC0-301F-11D3-BF4B-00C04F79EFBC}") = "bai21-brdialog", "bai21-brdialog.csproj", "{D901C572-838F-401F-9528-B676B88521DF}"
EndProject
Global
	GlobalSection(SolutionConfigurationPlatforms) = preSolution
		Debug|Any CPU = Debug|Any CPU
		Release|Any CPU = Release|Any CPU
	EndGlobalSection
	GlobalSection(ProjectConfigurationPlatforms) = postSolution
		{D901C572-838F-401F-9528-B676B88521DF}.Debug|Any CPU.ActiveCfg = Debug|Any CPU
		{D901C572-838F-401F-9528-B676B88521DF}.Debug|Any CPU.Build.0 = Debug|Any CPU
		{D901C572-838F-401F-9528-B676B88521DF}.Release|Any CPU.ActiveCfg = Release|Any CPU
		{D901C572-838F-401F-9528-B676B88521DF}.Release|Any CPU.Build.0 = Release|Any CPU
	EndGlobalSection
	GlobalSection(SolutionProperties) = preSolution
		HideSolutionNode = FALSE
	EndGlobalSection
	GlobalSection(ExtensibilityGlobals) = postSolution
		SolutionGuid = {68292D28-A630-41F1-84DE-8037F6C3C895}
	EndGlobalSection
EndGlobal
