
Microsoft Visual Studio Solution File, Format Version 12.00
# Visual Studio Version 17
VisualStudioVersion = 17.0.32112.339
MinimumVisualStudioVersion = 10.0.40219.1
Project("{FAE04EC0-301F-11D3-BF4B-00C04F79EFBC}") = "bai17-lv", "bai17-lv.csproj", "{4CD6D79E-38AF-4963-8749-18D20981D46B}"
EndProject
Global
	GlobalSection(SolutionConfigurationPlatforms) = preSolution
		Debug|Any CPU = Debug|Any CPU
		Release|Any CPU = Release|Any CPU
	EndGlobalSection
	GlobalSection(ProjectConfigurationPlatforms) = postSolution
		{4CD6D79E-38AF-4963-8749-18D20981D46B}.Debug|Any CPU.ActiveCfg = Debug|Any CPU
		{4CD6D79E-38AF-4963-8749-18D20981D46B}.Debug|Any CPU.Build.0 = Debug|Any CPU
		{4CD6D79E-38AF-4963-8749-18D20981D46B}.Release|Any CPU.ActiveCfg = Release|Any CPU
		{4CD6D79E-38AF-4963-8749-18D20981D46B}.Release|Any CPU.Build.0 = Release|Any CPU
	EndGlobalSection
	GlobalSection(SolutionProperties) = preSolution
		HideSolutionNode = FALSE
	EndGlobalSection
	GlobalSection(ExtensibilityGlobals) = postSolution
		SolutionGuid = {E5181D27-3A6D-41AD-A87F-C25396019A74}
	EndGlobalSection
EndGlobal
