
Microsoft Visual Studio Solution File, Format Version 12.00
# Visual Studio Version 17
VisualStudioVersion = 17.0.32112.339
MinimumVisualStudioVersion = 10.0.40219.1
Project("{FAE04EC0-301F-11D3-BF4B-00C04F79EFBC}") = "bai7", "bai7.csproj", "{CA87F00D-84DE-48CC-978D-B0960552611C}"
EndProject
Project("{FAE04EC0-301F-11D3-BF4B-00C04F79EFBC}") = "bai7-1", "..\bai7-1\bai7-1.csproj", "{42F3F893-3508-452C-B65E-F855D7224967}"
EndProject
Global
	GlobalSection(SolutionConfigurationPlatforms) = preSolution
		Debug|Any CPU = Debug|Any CPU
		Release|Any CPU = Release|Any CPU
	EndGlobalSection
	GlobalSection(ProjectConfigurationPlatforms) = postSolution
		{CA87F00D-84DE-48CC-978D-B0960552611C}.Debug|Any CPU.ActiveCfg = Debug|Any CPU
		{CA87F00D-84DE-48CC-978D-B0960552611C}.Debug|Any CPU.Build.0 = Debug|Any CPU
		{CA87F00D-84DE-48CC-978D-B0960552611C}.Release|Any CPU.ActiveCfg = Release|Any CPU
		{CA87F00D-84DE-48CC-978D-B0960552611C}.Release|Any CPU.Build.0 = Release|Any CPU
		{42F3F893-3508-452C-B65E-F855D7224967}.Debug|Any CPU.ActiveCfg = Debug|Any CPU
		{42F3F893-3508-452C-B65E-F855D7224967}.Debug|Any CPU.Build.0 = Debug|Any CPU
		{42F3F893-3508-452C-B65E-F855D7224967}.Release|Any CPU.ActiveCfg = Release|Any CPU
		{42F3F893-3508-452C-B65E-F855D7224967}.Release|Any CPU.Build.0 = Release|Any CPU
	EndGlobalSection
	GlobalSection(SolutionProperties) = preSolution
		HideSolutionNode = FALSE
	EndGlobalSection
	GlobalSection(ExtensibilityGlobals) = postSolution
		SolutionGuid = {0014DB09-28DF-4A81-B45A-2995357422CA}
	EndGlobalSection
EndGlobal
