
Microsoft Visual Studio Solution File, Format Version 12.00
# Visual Studio Version 17
VisualStudioVersion = 17.13.35931.197 d17.13
MinimumVisualStudioVersion = 10.0.40219.1
Project("{FAE04EC0-301F-11D3-BF4B-00C04F79EFBC}") = "HienThiAnh", "HienThiAnh.csproj", "{647CD0BB-2F8B-4543-93EB-4A3B474DB2FE}"
EndProject
Global
	GlobalSection(SolutionConfigurationPlatforms) = preSolution
		Debug|Any CPU = Debug|Any CPU
		Release|Any CPU = Release|Any CPU
	EndGlobalSection
	GlobalSection(ProjectConfigurationPlatforms) = postSolution
		{647CD0BB-2F8B-4543-93EB-4A3B474DB2FE}.Debug|Any CPU.ActiveCfg = Debug|Any CPU
		{647CD0BB-2F8B-4543-93EB-4A3B474DB2FE}.Debug|Any CPU.Build.0 = Debug|Any CPU
		{647CD0BB-2F8B-4543-93EB-4A3B474DB2FE}.Release|Any CPU.ActiveCfg = Release|Any CPU
		{647CD0BB-2F8B-4543-93EB-4A3B474DB2FE}.Release|Any CPU.Build.0 = Release|Any CPU
	EndGlobalSection
	GlobalSection(SolutionProperties) = preSolution
		HideSolutionNode = FALSE
	EndGlobalSection
	GlobalSection(ExtensibilityGlobals) = postSolution
		SolutionGuid = {66A9A476-DF71-4896-B21A-241F81137A8B}
	EndGlobalSection
EndGlobal
