
Microsoft Visual Studio Solution File, Format Version 12.00
# Visual Studio Version 17
VisualStudioVersion = 17.0.32112.339
MinimumVisualStudioVersion = 10.0.40219.1
Project("{FAE04EC0-301F-11D3-BF4B-00C04F79EFBC}") = "bai22-oop1", "bai22-oop1.csproj", "{ADFF5A8E-045F-4F42-A512-81706050C96D}"
EndProject
Global
	GlobalSection(SolutionConfigurationPlatforms) = preSolution
		Debug|Any CPU = Debug|Any CPU
		Release|Any CPU = Release|Any CPU
	EndGlobalSection
	GlobalSection(ProjectConfigurationPlatforms) = postSolution
		{ADFF5A8E-045F-4F42-A512-81706050C96D}.Debug|Any CPU.ActiveCfg = Debug|Any CPU
		{ADFF5A8E-045F-4F42-A512-81706050C96D}.Debug|Any CPU.Build.0 = Debug|Any CPU
		{ADFF5A8E-045F-4F42-A512-81706050C96D}.Release|Any CPU.ActiveCfg = Release|Any CPU
		{ADFF5A8E-045F-4F42-A512-81706050C96D}.Release|Any CPU.Build.0 = Release|Any CPU
	EndGlobalSection
	GlobalSection(SolutionProperties) = preSolution
		HideSolutionNode = FALSE
	EndGlobalSection
	GlobalSection(ExtensibilityGlobals) = postSolution
		SolutionGuid = {5D06AB7D-4A9D-4EDC-A412-296A0961AFF2}
	EndGlobalSection
EndGlobal
