
Microsoft Visual Studio Solution File, Format Version 12.00
# Visual Studio Version 17
VisualStudioVersion = 17.0.32112.339
MinimumVisualStudioVersion = 10.0.40219.1
Project("{FAE04EC0-301F-11D3-BF4B-00C04F79EFBC}") = "bai19-dic", "bai19-dic.csproj", "{EFC0EEF3-1E51-4B07-927A-7BFB6D788E28}"
EndProject
Global
	GlobalSection(SolutionConfigurationPlatforms) = preSolution
		Debug|Any CPU = Debug|Any CPU
		Release|Any CPU = Release|Any CPU
	EndGlobalSection
	GlobalSection(ProjectConfigurationPlatforms) = postSolution
		{EFC0EEF3-1E51-4B07-927A-7BFB6D788E28}.Debug|Any CPU.ActiveCfg = Debug|Any CPU
		{EFC0EEF3-1E51-4B07-927A-7BFB6D788E28}.Debug|Any CPU.Build.0 = Debug|Any CPU
		{EFC0EEF3-1E51-4B07-927A-7BFB6D788E28}.Release|Any CPU.ActiveCfg = Release|Any CPU
		{EFC0EEF3-1E51-4B07-927A-7BFB6D788E28}.Release|Any CPU.Build.0 = Release|Any CPU
	EndGlobalSection
	GlobalSection(SolutionProperties) = preSolution
		HideSolutionNode = FALSE
	EndGlobalSection
	GlobalSection(ExtensibilityGlobals) = postSolution
		SolutionGuid = {E6A646EB-A82E-4ECA-A63C-D6E15351BB13}
	EndGlobalSection
EndGlobal
