
Microsoft Visual Studio Solution File, Format Version 12.00
# Visual Studio Version 17
VisualStudioVersion = 17.0.32112.339
MinimumVisualStudioVersion = 10.0.40219.1
Project("{FAE04EC0-301F-11D3-BF4B-00C04F79EFBC}") = "bai1", "bai1.csproj", "{CCEEF7BC-5D02-435F-BC26-96A73159FEA0}"
EndProject
Global
	GlobalSection(SolutionConfigurationPlatforms) = preSolution
		Debug|Any CPU = Debug|Any CPU
		Release|Any CPU = Release|Any CPU
	EndGlobalSection
	GlobalSection(ProjectConfigurationPlatforms) = postSolution
		{CCEEF7BC-5D02-435F-BC26-96A73159FEA0}.Debug|Any CPU.ActiveCfg = Debug|Any CPU
		{CCEEF7BC-5D02-435F-BC26-96A73159FEA0}.Debug|Any CPU.Build.0 = Debug|Any CPU
		{CCEEF7BC-5D02-435F-BC26-96A73159FEA0}.Release|Any CPU.ActiveCfg = Release|Any CPU
		{CCEEF7BC-5D02-435F-BC26-96A73159FEA0}.Release|Any CPU.Build.0 = Release|Any CPU
	EndGlobalSection
	GlobalSection(SolutionProperties) = preSolution
		HideSolutionNode = FALSE
	EndGlobalSection
	GlobalSection(ExtensibilityGlobals) = postSolution
		SolutionGuid = {8144C835-73DE-499F-B5AE-B05172A388C2}
	EndGlobalSection
EndGlobal
